
Microsoft Visual Studio Solution File, Format Version 12.00
# Visual Studio Version 17
VisualStudioVersion = 17.0.31903.59
MinimumVisualStudioVersion = 10.0.40219.1
Project("{FAE04EC0-301F-11D3-BF4B-00C04F79EFBC}") = "PrimeService.Tests", "PrimeService.Tests\PrimeService.Tests.csproj", "{1A4B2F6C-1141-4C11-838E-F013E35D1923}"
EndProject
Project("{FAE04EC0-301F-11D3-BF4B-00C04F79EFBC}") = "PrimeService", "PrimeService\PrimeService.csproj", "{B2F81DAE-DBD2-4B79-B43F-5703592D6455}"
EndProject
Global
	GlobalSection(SolutionConfigurationPlatforms) = preSolution
		Debug|Any CPU = Debug|Any CPU
		Release|Any CPU = Release|Any CPU
	EndGlobalSection
	GlobalSection(SolutionProperties) = preSolution
		HideSolutionNode = FALSE
	EndGlobalSection
	GlobalSection(ProjectConfigurationPlatforms) = postSolution
		{1A4B2F6C-1141-4C11-838E-F013E35D1923}.Debug|Any CPU.ActiveCfg = Debug|Any CPU
		{1A4B2F6C-1141-4C11-838E-F013E35D1923}.Debug|Any CPU.Build.0 = Debug|Any CPU
		{1A4B2F6C-1141-4C11-838E-F013E35D1923}.Release|Any CPU.ActiveCfg = Release|Any CPU
		{1A4B2F6C-1141-4C11-838E-F013E35D1923}.Release|Any CPU.Build.0 = Release|Any CPU
		{B2F81DAE-DBD2-4B79-B43F-5703592D6455}.Debug|Any CPU.ActiveCfg = Debug|Any CPU
		{B2F81DAE-DBD2-4B79-B43F-5703592D6455}.Debug|Any CPU.Build.0 = Debug|Any CPU
		{B2F81DAE-DBD2-4B79-B43F-5703592D6455}.Release|Any CPU.ActiveCfg = Release|Any CPU
		{B2F81DAE-DBD2-4B79-B43F-5703592D6455}.Release|Any CPU.Build.0 = Release|Any CPU
	EndGlobalSection
EndGlobal
